
Microsoft Visual Studio Solution File, Format Version 12.00
# Visual Studio Version 16
VisualStudioVersion = 16.0.31105.61
MinimumVisualStudioVersion = 10.0.40219.1
Project("{FAE04EC0-301F-11D3-BF4B-00C04F79EFBC}") = "Day_07", "Day_07\Day_07.csproj", "{5E8BC5EA-660D-4BCF-8F76-225451194976}"
EndProject
Project("{FAE04EC0-301F-11D3-BF4B-00C04F79EFBC}") = "Day_06", "Day_06\Day_06.csproj", "{E10F8BDA-7448-4D91-A968-4D18A30DB8C1}"
EndProject
Project("{FAE04EC0-301F-11D3-BF4B-00C04F79EFBC}") = "Day_05", "Day_05\Day_05.csproj", "{B9C446CA-DA7E-4FDC-86C1-8825FCA1F033}"
EndProject
Project("{FAE04EC0-301F-11D3-BF4B-00C04F79EFBC}") = "Day_08", "Day_08\Day_08.csproj", "{2EFBEC62-95EE-4CF0-A7EC-7F66722D02F3}"
EndProject
Global
	GlobalSection(SolutionConfigurationPlatforms) = preSolution
		Debug|Any CPU = Debug|Any CPU
		Release|Any CPU = Release|Any CPU
	EndGlobalSection
	GlobalSection(ProjectConfigurationPlatforms) = postSolution
		{5E8BC5EA-660D-4BCF-8F76-225451194976}.Debug|Any CPU.ActiveCfg = Debug|Any CPU
		{5E8BC5EA-660D-4BCF-8F76-225451194976}.Debug|Any CPU.Build.0 = Debug|Any CPU
		{5E8BC5EA-660D-4BCF-8F76-225451194976}.Release|Any CPU.ActiveCfg = Release|Any CPU
		{5E8BC5EA-660D-4BCF-8F76-225451194976}.Release|Any CPU.Build.0 = Release|Any CPU
		{E10F8BDA-7448-4D91-A968-4D18A30DB8C1}.Debug|Any CPU.ActiveCfg = Debug|Any CPU
		{E10F8BDA-7448-4D91-A968-4D18A30DB8C1}.Debug|Any CPU.Build.0 = Debug|Any CPU
		{E10F8BDA-7448-4D91-A968-4D18A30DB8C1}.Release|Any CPU.ActiveCfg = Release|Any CPU
		{E10F8BDA-7448-4D91-A968-4D18A30DB8C1}.Release|Any CPU.Build.0 = Release|Any CPU
		{B9C446CA-DA7E-4FDC-86C1-8825FCA1F033}.Debug|Any CPU.ActiveCfg = Debug|Any CPU
		{B9C446CA-DA7E-4FDC-86C1-8825FCA1F033}.Debug|Any CPU.Build.0 = Debug|Any CPU
		{B9C446CA-DA7E-4FDC-86C1-8825FCA1F033}.Release|Any CPU.ActiveCfg = Release|Any CPU
		{B9C446CA-DA7E-4FDC-86C1-8825FCA1F033}.Release|Any CPU.Build.0 = Release|Any CPU
		{2EFBEC62-95EE-4CF0-A7EC-7F66722D02F3}.Debug|Any CPU.ActiveCfg = Debug|Any CPU
		{2EFBEC62-95EE-4CF0-A7EC-7F66722D02F3}.Debug|Any CPU.Build.0 = Debug|Any CPU
		{2EFBEC62-95EE-4CF0-A7EC-7F66722D02F3}.Release|Any CPU.ActiveCfg = Release|Any CPU
		{2EFBEC62-95EE-4CF0-A7EC-7F66722D02F3}.Release|Any CPU.Build.0 = Release|Any CPU
	EndGlobalSection
	GlobalSection(SolutionProperties) = preSolution
		HideSolutionNode = FALSE
	EndGlobalSection
	GlobalSection(ExtensibilityGlobals) = postSolution
		SolutionGuid = {07BBECA0-32E5-452F-8E98-2097B0C60AF3}
	EndGlobalSection
EndGlobal
